// !$*UTF8*$!
{
	archiveVersion = 1;
	classes = {
	};
	objectVersion = 52;
	objects = {

/* Begin PBXBuildFile section */
		0F01C0DA9AB229E88C92BE2F /* Pods_FOCUSLY.framework in Frameworks */ = {isa = PBXBuildFile; fileRef = E1AE5428C233F653B606AEFE /* Pods_FOCUSLY.framework */; };
		A3AF896D25BA9C2500BA3A92 /* PreferenceView.swift in Sources */ = {isa = PBXBuildFile; fileRef = A3AF896C25BA9C2500BA3A92 /* PreferenceView.swift */; };
		E008ABE325C3A47500CD9EC4 /* Inconsolata.ttf in Resources */ = {isa = PBXBuildFile; fileRef = E008ABE225C3A47500CD9EC4 /* Inconsolata.ttf */; };
		E008ABE725C3A81A00CD9EC4 /* Calibri.ttf in Resources */ = {isa = PBXBuildFile; fileRef = E008ABE625C3A81A00CD9EC4 /* Calibri.ttf */; };
		E010C04325B9CEA900B2297D /* MyLibraryView.swift in Sources */ = {isa = PBXBuildFile; fileRef = E010C04225B9CEA900B2297D /* MyLibraryView.swift */; };
		E02ED0B825CD449000AAFFE7 /* Assets.xcassets in Resources */ = {isa = PBXBuildFile; fileRef = E02ED0B725CD449000AAFFE7 /* Assets.xcassets */; };
		E042920B25BEBC760054BD6F /* PottaOne-Regular.ttf in Resources */ = {isa = PBXBuildFile; fileRef = E042920A25BEBC760054BD6F /* PottaOne-Regular.ttf */; };
		E042921E25BEC3800054BD6F /* ExtensionFile.swift in Sources */ = {isa = PBXBuildFile; fileRef = E042921D25BEC3800054BD6F /* ExtensionFile.swift */; };
		E0438F2525C118D2001662EC /* MakeContentsView.swift in Sources */ = {isa = PBXBuildFile; fileRef = E0438F2425C118D2001662EC /* MakeContentsView.swift */; };
		E06F3AE925CCF69700968B4C /* ImagePicker.swift in Sources */ = {isa = PBXBuildFile; fileRef = E06F3AE825CCF69700968B4C /* ImagePicker.swift */; };
		E07087CA25D231AB0055B1D1 /* ArticleViewModel.swift in Sources */ = {isa = PBXBuildFile; fileRef = E07087C925D231AB0055B1D1 /* ArticleViewModel.swift */; };
		E0715BE725CCD77D007DB0C5 /* GoogleService-Info.plist in Resources */ = {isa = PBXBuildFile; fileRef = E0715BE625CCD77D007DB0C5 /* GoogleService-Info.plist */; };
		E0754AD825CBD2C400455A2E /* loading.json in Resources */ = {isa = PBXBuildFile; fileRef = E0754AD725CBD2C400455A2E /* loading.json */; };
		E08343D625B951E7009F3DF3 /* AppDelegate.swift in Sources */ = {isa = PBXBuildFile; fileRef = E08343D525B951E7009F3DF3 /* AppDelegate.swift */; };
		E08343D825B951E7009F3DF3 /* SceneDelegate.swift in Sources */ = {isa = PBXBuildFile; fileRef = E08343D725B951E7009F3DF3 /* SceneDelegate.swift */; };
		E08343DF25B951E7009F3DF3 /* Preview Assets.xcassets in Resources */ = {isa = PBXBuildFile; fileRef = E08343DE25B951E7009F3DF3 /* Preview Assets.xcassets */; };
		E08343E225B951E7009F3DF3 /* LaunchScreen.storyboard in Resources */ = {isa = PBXBuildFile; fileRef = E08343E025B951E7009F3DF3 /* LaunchScreen.storyboard */; };
		E08CAC1525B9548D00B37165 /* FacebookLogin in Frameworks */ = {isa = PBXBuildFile; productRef = E08CAC1425B9548D00B37165 /* FacebookLogin */; };
		E08CAC1825B954D100B37165 /* FocuslyIcon.png in Resources */ = {isa = PBXBuildFile; fileRef = E08CAC1725B954D100B37165 /* FocuslyIcon.png */; };
		E08CAC1B25B9554F00B37165 /* FacebookDelegate.swift in Sources */ = {isa = PBXBuildFile; fileRef = E08CAC1A25B9554F00B37165 /* FacebookDelegate.swift */; };
		E08CAC1E25B9555600B37165 /* GoogleDelegate.swift in Sources */ = {isa = PBXBuildFile; fileRef = E08CAC1D25B9555600B37165 /* GoogleDelegate.swift */; };
		E08CAC2125B9556F00B37165 /* LoginView.swift in Sources */ = {isa = PBXBuildFile; fileRef = E08CAC2025B9556F00B37165 /* LoginView.swift */; };
		E08CAC3025B959FD00B37165 /* User.swift in Sources */ = {isa = PBXBuildFile; fileRef = E08CAC2E25B959FD00B37165 /* User.swift */; };
		E08CAC3125B959FD00B37165 /* Article.swift in Sources */ = {isa = PBXBuildFile; fileRef = E08CAC2F25B959FD00B37165 /* Article.swift */; };
		E08CAC3925B95A1200B37165 /* MainScreenView.swift in Sources */ = {isa = PBXBuildFile; fileRef = E08CAC3625B95A1200B37165 /* MainScreenView.swift */; };
		E0A79F7B25BE64F3000A4A06 /* ArticleView.swift in Sources */ = {isa = PBXBuildFile; fileRef = E0A79F7A25BE64F3000A4A06 /* ArticleView.swift */; };
/* End PBXBuildFile section */

/* Begin PBXFileReference section */
		939C68ACBA6860BBD66B1835 /* Pods-FOCUSLY.release.xcconfig */ = {isa = PBXFileReference; includeInIndex = 1; lastKnownFileType = text.xcconfig; name = "Pods-FOCUSLY.release.xcconfig"; path = "Target Support Files/Pods-FOCUSLY/Pods-FOCUSLY.release.xcconfig"; sourceTree = "<group>"; };
		A3AF896C25BA9C2500BA3A92 /* PreferenceView.swift */ = {isa = PBXFileReference; fileEncoding = 4; lastKnownFileType = sourcecode.swift; path = PreferenceView.swift; sourceTree = "<group>"; };
		CD8C4BCDA11DAD01CECFC832 /* Pods-FOCUSLY.debug.xcconfig */ = {isa = PBXFileReference; includeInIndex = 1; lastKnownFileType = text.xcconfig; name = "Pods-FOCUSLY.debug.xcconfig"; path = "Target Support Files/Pods-FOCUSLY/Pods-FOCUSLY.debug.xcconfig"; sourceTree = "<group>"; };
		E008ABE225C3A47500CD9EC4 /* Inconsolata.ttf */ = {isa = PBXFileReference; lastKnownFileType = file; path = Inconsolata.ttf; sourceTree = "<group>"; };
		E008ABE625C3A81A00CD9EC4 /* Calibri.ttf */ = {isa = PBXFileReference; lastKnownFileType = file; path = Calibri.ttf; sourceTree = "<group>"; };
		E010C04225B9CEA900B2297D /* MyLibraryView.swift */ = {isa = PBXFileReference; lastKnownFileType = sourcecode.swift; path = MyLibraryView.swift; sourceTree = "<group>"; };
		E02ED0B725CD449000AAFFE7 /* Assets.xcassets */ = {isa = PBXFileReference; lastKnownFileType = folder.assetcatalog; path = Assets.xcassets; sourceTree = "<group>"; };
		E042920A25BEBC760054BD6F /* PottaOne-Regular.ttf */ = {isa = PBXFileReference; lastKnownFileType = file; path = "PottaOne-Regular.ttf"; sourceTree = "<group>"; };
		E042921D25BEC3800054BD6F /* ExtensionFile.swift */ = {isa = PBXFileReference; lastKnownFileType = sourcecode.swift; path = ExtensionFile.swift; sourceTree = "<group>"; };
		E0438F2425C118D2001662EC /* MakeContentsView.swift */ = {isa = PBXFileReference; lastKnownFileType = sourcecode.swift; path = MakeContentsView.swift; sourceTree = "<group>"; };
		E06F3AE825CCF69700968B4C /* ImagePicker.swift */ = {isa = PBXFileReference; lastKnownFileType = sourcecode.swift; path = ImagePicker.swift; sourceTree = "<group>"; };
		E07087C925D231AB0055B1D1 /* ArticleViewModel.swift */ = {isa = PBXFileReference; lastKnownFileType = sourcecode.swift; path = ArticleViewModel.swift; sourceTree = "<group>"; };
		E0715BE625CCD77D007DB0C5 /* GoogleService-Info.plist */ = {isa = PBXFileReference; fileEncoding = 4; lastKnownFileType = text.plist.xml; path = "GoogleService-Info.plist"; sourceTree = "<group>"; };
		E0754AD725CBD2C400455A2E /* loading.json */ = {isa = PBXFileReference; fileEncoding = 4; lastKnownFileType = text.json; path = loading.json; sourceTree = "<group>"; };
		E08343D225B951E7009F3DF3 /* FOCUSLY.app */ = {isa = PBXFileReference; explicitFileType = wrapper.application; includeInIndex = 0; path = FOCUSLY.app; sourceTree = BUILT_PRODUCTS_DIR; };
		E08343D525B951E7009F3DF3 /* AppDelegate.swift */ = {isa = PBXFileReference; lastKnownFileType = sourcecode.swift; path = AppDelegate.swift; sourceTree = "<group>"; };
		E08343D725B951E7009F3DF3 /* SceneDelegate.swift */ = {isa = PBXFileReference; lastKnownFileType = sourcecode.swift; path = SceneDelegate.swift; sourceTree = "<group>"; };
		E08343DE25B951E7009F3DF3 /* Preview Assets.xcassets */ = {isa = PBXFileReference; lastKnownFileType = folder.assetcatalog; path = "Preview Assets.xcassets"; sourceTree = "<group>"; };
		E08343E125B951E7009F3DF3 /* Base */ = {isa = PBXFileReference; lastKnownFileType = file.storyboard; name = Base; path = Base.lproj/LaunchScreen.storyboard; sourceTree = "<group>"; };
		E08343E325B951E7009F3DF3 /* Info.plist */ = {isa = PBXFileReference; lastKnownFileType = text.plist.xml; path = Info.plist; sourceTree = "<group>"; };
		E08CAC1725B954D100B37165 /* FocuslyIcon.png */ = {isa = PBXFileReference; lastKnownFileType = image.png; path = FocuslyIcon.png; sourceTree = "<group>"; };
		E08CAC1A25B9554F00B37165 /* FacebookDelegate.swift */ = {isa = PBXFileReference; fileEncoding = 4; lastKnownFileType = sourcecode.swift; path = FacebookDelegate.swift; sourceTree = "<group>"; };
		E08CAC1D25B9555600B37165 /* GoogleDelegate.swift */ = {isa = PBXFileReference; fileEncoding = 4; lastKnownFileType = sourcecode.swift; path = GoogleDelegate.swift; sourceTree = "<group>"; };
		E08CAC2025B9556F00B37165 /* LoginView.swift */ = {isa = PBXFileReference; lastKnownFileType = sourcecode.swift; path = LoginView.swift; sourceTree = "<group>"; };
		E08CAC2E25B959FD00B37165 /* User.swift */ = {isa = PBXFileReference; fileEncoding = 4; lastKnownFileType = sourcecode.swift; path = User.swift; sourceTree = "<group>"; };
		E08CAC2F25B959FD00B37165 /* Article.swift */ = {isa = PBXFileReference; fileEncoding = 4; lastKnownFileType = sourcecode.swift; path = Article.swift; sourceTree = "<group>"; };
		E08CAC3625B95A1200B37165 /* MainScreenView.swift */ = {isa = PBXFileReference; fileEncoding = 4; lastKnownFileType = sourcecode.swift; path = MainScreenView.swift; sourceTree = "<group>"; };
		E0A79F7A25BE64F3000A4A06 /* ArticleView.swift */ = {isa = PBXFileReference; lastKnownFileType = sourcecode.swift; path = ArticleView.swift; sourceTree = "<group>"; };
		E1AE5428C233F653B606AEFE /* Pods_FOCUSLY.framework */ = {isa = PBXFileReference; explicitFileType = wrapper.framework; includeInIndex = 0; path = Pods_FOCUSLY.framework; sourceTree = BUILT_PRODUCTS_DIR; };
/* End PBXFileReference section */

/* Begin PBXFrameworksBuildPhase section */
		E08343CF25B951E7009F3DF3 /* Frameworks */ = {
			isa = PBXFrameworksBuildPhase;
			buildActionMask = 2147483647;
			files = (
				E08CAC1525B9548D00B37165 /* FacebookLogin in Frameworks */,
				0F01C0DA9AB229E88C92BE2F /* Pods_FOCUSLY.framework in Frameworks */,
			);
			runOnlyForDeploymentPostprocessing = 0;
		};
/* End PBXFrameworksBuildPhase section */

/* Begin PBXGroup section */
		03E000439FBCF8D57334FECD /* Pods */ = {
			isa = PBXGroup;
			children = (
				CD8C4BCDA11DAD01CECFC832 /* Pods-FOCUSLY.debug.xcconfig */,
				939C68ACBA6860BBD66B1835 /* Pods-FOCUSLY.release.xcconfig */,
			);
			path = Pods;
			sourceTree = "<group>";
		};
		9E8FACD6CDD6438087117C15 /* Frameworks */ = {
			isa = PBXGroup;
			children = (
				E1AE5428C233F653B606AEFE /* Pods_FOCUSLY.framework */,
			);
			name = Frameworks;
			sourceTree = "<group>";
		};
		E02ED0B525CD434D00AAFFE7 /* MakeContents */ = {
			isa = PBXGroup;
			children = (
				E0438F2425C118D2001662EC /* MakeContentsView.swift */,
				E06F3AE825CCF69700968B4C /* ImagePicker.swift */,
			);
			path = MakeContents;
			sourceTree = "<group>";
		};
		E042921925BEC1EF0054BD6F /* MyLibrary */ = {
			isa = PBXGroup;
			children = (
				E010C04225B9CEA900B2297D /* MyLibraryView.swift */,
				E0A79F7A25BE64F3000A4A06 /* ArticleView.swift */,
				E02ED0B525CD434D00AAFFE7 /* MakeContents */,
			);
			path = MyLibrary;
			sourceTree = "<group>";
		};
		E042921A25BEC20D0054BD6F /* Preference */ = {
			isa = PBXGroup;
			children = (
				A3AF896C25BA9C2500BA3A92 /* PreferenceView.swift */,
			);
			path = Preference;
			sourceTree = "<group>";
		};
		E042921C25BEC36A0054BD6F /* Extensions */ = {
			isa = PBXGroup;
			children = (
				E042921D25BEC3800054BD6F /* ExtensionFile.swift */,
			);
			path = Extensions;
			sourceTree = "<group>";
		};
		E07087C825D231720055B1D1 /* ViewModel */ = {
			isa = PBXGroup;
			children = (
				E07087C925D231AB0055B1D1 /* ArticleViewModel.swift */,
			);
			path = ViewModel;
			sourceTree = "<group>";
		};
		E08343C925B951E7009F3DF3 = {
			isa = PBXGroup;
			children = (
				E08343D425B951E7009F3DF3 /* FOCUSLY */,
				E08343D325B951E7009F3DF3 /* Products */,
				03E000439FBCF8D57334FECD /* Pods */,
				9E8FACD6CDD6438087117C15 /* Frameworks */,
			);
			sourceTree = "<group>";
		};
		E08343D325B951E7009F3DF3 /* Products */ = {
			isa = PBXGroup;
			children = (
				E08343D225B951E7009F3DF3 /* FOCUSLY.app */,
			);
			name = Products;
			sourceTree = "<group>";
		};
		E08343D425B951E7009F3DF3 /* FOCUSLY */ = {
			isa = PBXGroup;
			children = (
				E0754AD725CBD2C400455A2E /* loading.json */,
				E042921C25BEC36A0054BD6F /* Extensions */,
				E08CAC2725B955B300B37165 /* ICON */,
				E09B66D125BE958E005BD237 /* Fonts */,
				E08CAC2D25B959F400B37165 /* Model */,
				E07087C825D231720055B1D1 /* ViewModel */,
				E08CAC2625B955AB00B37165 /* View */,
				E08CAC2425B9558200B37165 /* Delegates */,
				E08343E025B951E7009F3DF3 /* LaunchScreen.storyboard */,
				E08343E325B951E7009F3DF3 /* Info.plist */,
				E0715BE625CCD77D007DB0C5 /* GoogleService-Info.plist */,
				E02ED0B725CD449000AAFFE7 /* Assets.xcassets */,
				E08343DD25B951E7009F3DF3 /* Preview Content */,
			);
			path = FOCUSLY;
			sourceTree = "<group>";
		};
		E08343DD25B951E7009F3DF3 /* Preview Content */ = {
			isa = PBXGroup;
			children = (
				E08343DE25B951E7009F3DF3 /* Preview Assets.xcassets */,
			);
			path = "Preview Content";
			sourceTree = "<group>";
		};
		E08CAC2425B9558200B37165 /* Delegates */ = {
			isa = PBXGroup;
			children = (
				E08343D525B951E7009F3DF3 /* AppDelegate.swift */,
				E08343D725B951E7009F3DF3 /* SceneDelegate.swift */,
				E08CAC1A25B9554F00B37165 /* FacebookDelegate.swift */,
				E08CAC1D25B9555600B37165 /* GoogleDelegate.swift */,
			);
			path = Delegates;
			sourceTree = "<group>";
		};
		E08CAC2625B955AB00B37165 /* View */ = {
			isa = PBXGroup;
			children = (
				E08CAC2025B9556F00B37165 /* LoginView.swift */,
				E08CAC3625B95A1200B37165 /* MainScreenView.swift */,
				E042921925BEC1EF0054BD6F /* MyLibrary */,
				E042921A25BEC20D0054BD6F /* Preference */,
			);
			path = View;
			sourceTree = "<group>";
		};
		E08CAC2725B955B300B37165 /* ICON */ = {
			isa = PBXGroup;
			children = (
				E08CAC1725B954D100B37165 /* FocuslyIcon.png */,
			);
			path = ICON;
			sourceTree = "<group>";
		};
		E08CAC2D25B959F400B37165 /* Model */ = {
			isa = PBXGroup;
			children = (
				E08CAC2E25B959FD00B37165 /* User.swift */,
				E08CAC2F25B959FD00B37165 /* Article.swift */,
			);
			path = Model;
			sourceTree = "<group>";
		};
		E09B66D125BE958E005BD237 /* Fonts */ = {
			isa = PBXGroup;
			children = (
				E008ABE625C3A81A00CD9EC4 /* Calibri.ttf */,
				E008ABE225C3A47500CD9EC4 /* Inconsolata.ttf */,
				E042920A25BEBC760054BD6F /* PottaOne-Regular.ttf */,
			);
			path = Fonts;
			sourceTree = "<group>";
		};
/* End PBXGroup section */

/* Begin PBXNativeTarget section */
		E08343D125B951E7009F3DF3 /* FOCUSLY */ = {
			isa = PBXNativeTarget;
			buildConfigurationList = E08343E625B951E7009F3DF3 /* Build configuration list for PBXNativeTarget "FOCUSLY" */;
			buildPhases = (
				DB9DC0030DDEFAF362A23A9D /* [CP] Check Pods Manifest.lock */,
				E08343CE25B951E7009F3DF3 /* Sources */,
				E08343CF25B951E7009F3DF3 /* Frameworks */,
				E08343D025B951E7009F3DF3 /* Resources */,
				C2316768FFCA2702274B18F5 /* [CP] Embed Pods Frameworks */,
				51AEE97098C8E57A194EB4BF /* [CP] Copy Pods Resources */,
			);
			buildRules = (
			);
			dependencies = (
			);
			name = FOCUSLY;
			packageProductDependencies = (
				E08CAC1425B9548D00B37165 /* FacebookLogin */,
			);
			productName = FOCUSLY;
			productReference = E08343D225B951E7009F3DF3 /* FOCUSLY.app */;
			productType = "com.apple.product-type.application";
		};
/* End PBXNativeTarget section */

/* Begin PBXProject section */
		E08343CA25B951E7009F3DF3 /* Project object */ = {
			isa = PBXProject;
			attributes = {
				LastSwiftUpdateCheck = 1230;
				LastUpgradeCheck = 1230;
				TargetAttributes = {
					E08343D125B951E7009F3DF3 = {
						CreatedOnToolsVersion = 12.3;
					};
				};
			};
			buildConfigurationList = E08343CD25B951E7009F3DF3 /* Build configuration list for PBXProject "FOCUSLY" */;
			compatibilityVersion = "Xcode 9.3";
			developmentRegion = en;
			hasScannedForEncodings = 0;
			knownRegions = (
				en,
				Base,
			);
			mainGroup = E08343C925B951E7009F3DF3;
			packageReferences = (
				E08CAC1325B9548D00B37165 /* XCRemoteSwiftPackageReference "facebook-ios-sdk" */,
			);
			productRefGroup = E08343D325B951E7009F3DF3 /* Products */;
			projectDirPath = "";
			projectRoot = "";
			targets = (
				E08343D125B951E7009F3DF3 /* FOCUSLY */,
			);
		};
/* End PBXProject section */

/* Begin PBXResourcesBuildPhase section */
		E08343D025B951E7009F3DF3 /* Resources */ = {
			isa = PBXResourcesBuildPhase;
			buildActionMask = 2147483647;
			files = (
				E008ABE725C3A81A00CD9EC4 /* Calibri.ttf in Resources */,
				E02ED0B825CD449000AAFFE7 /* Assets.xcassets in Resources */,
				E08343E225B951E7009F3DF3 /* LaunchScreen.storyboard in Resources */,
				E042920B25BEBC760054BD6F /* PottaOne-Regular.ttf in Resources */,
				E08343DF25B951E7009F3DF3 /* Preview Assets.xcassets in Resources */,
				E08CAC1825B954D100B37165 /* FocuslyIcon.png in Resources */,
				E0715BE725CCD77D007DB0C5 /* GoogleService-Info.plist in Resources */,
				E008ABE325C3A47500CD9EC4 /* Inconsolata.ttf in Resources */,
				E0754AD825CBD2C400455A2E /* loading.json in Resources */,
			);
			runOnlyForDeploymentPostprocessing = 0;
		};
/* End PBXResourcesBuildPhase section */

/* Begin PBXShellScriptBuildPhase section */
		51AEE97098C8E57A194EB4BF /* [CP] Copy Pods Resources */ = {
			isa = PBXShellScriptBuildPhase;
			buildActionMask = 2147483647;
			files = (
			);
			inputFileListPaths = (
				"${PODS_ROOT}/Target Support Files/Pods-FOCUSLY/Pods-FOCUSLY-resources-${CONFIGURATION}-input-files.xcfilelist",
			);
			name = "[CP] Copy Pods Resources";
			outputFileListPaths = (
				"${PODS_ROOT}/Target Support Files/Pods-FOCUSLY/Pods-FOCUSLY-resources-${CONFIGURATION}-output-files.xcfilelist",
			);
			runOnlyForDeploymentPostprocessing = 0;
			shellPath = /bin/sh;
			shellScript = "\"${PODS_ROOT}/Target Support Files/Pods-FOCUSLY/Pods-FOCUSLY-resources.sh\"\n";
			showEnvVarsInLog = 0;
		};
		C2316768FFCA2702274B18F5 /* [CP] Embed Pods Frameworks */ = {
			isa = PBXShellScriptBuildPhase;
			buildActionMask = 2147483647;
			files = (
			);
			inputFileListPaths = (
				"${PODS_ROOT}/Target Support Files/Pods-FOCUSLY/Pods-FOCUSLY-frameworks-${CONFIGURATION}-input-files.xcfilelist",
			);
			name = "[CP] Embed Pods Frameworks";
			outputFileListPaths = (
				"${PODS_ROOT}/Target Support Files/Pods-FOCUSLY/Pods-FOCUSLY-frameworks-${CONFIGURATION}-output-files.xcfilelist",
			);
			runOnlyForDeploymentPostprocessing = 0;
			shellPath = /bin/sh;
			shellScript = "\"${PODS_ROOT}/Target Support Files/Pods-FOCUSLY/Pods-FOCUSLY-frameworks.sh\"\n";
			showEnvVarsInLog = 0;
		};
		DB9DC0030DDEFAF362A23A9D /* [CP] Check Pods Manifest.lock */ = {
			isa = PBXShellScriptBuildPhase;
			buildActionMask = 2147483647;
			files = (
			);
			inputFileListPaths = (
			);
			inputPaths = (
				"${PODS_PODFILE_DIR_PATH}/Podfile.lock",
				"${PODS_ROOT}/Manifest.lock",
			);
			name = "[CP] Check Pods Manifest.lock";
			outputFileListPaths = (
			);
			outputPaths = (
				"$(DERIVED_FILE_DIR)/Pods-FOCUSLY-checkManifestLockResult.txt",
			);
			runOnlyForDeploymentPostprocessing = 0;
			shellPath = /bin/sh;
			shellScript = "diff \"${PODS_PODFILE_DIR_PATH}/Podfile.lock\" \"${PODS_ROOT}/Manifest.lock\" > /dev/null\nif [ $? != 0 ] ; then\n    # print error to STDERR\n    echo \"error: The sandbox is not in sync with the Podfile.lock. Run 'pod install' or update your CocoaPods installation.\" >&2\n    exit 1\nfi\n# This output is used by Xcode 'outputs' to avoid re-running this script phase.\necho \"SUCCESS\" > \"${SCRIPT_OUTPUT_FILE_0}\"\n";
			showEnvVarsInLog = 0;
		};
/* End PBXShellScriptBuildPhase section */

/* Begin PBXSourcesBuildPhase section */
		E08343CE25B951E7009F3DF3 /* Sources */ = {
			isa = PBXSourcesBuildPhase;
			buildActionMask = 2147483647;
			files = (
				E010C04325B9CEA900B2297D /* MyLibraryView.swift in Sources */,
				E08CAC2125B9556F00B37165 /* LoginView.swift in Sources */,
				E08343D625B951E7009F3DF3 /* AppDelegate.swift in Sources */,
				E042921E25BEC3800054BD6F /* ExtensionFile.swift in Sources */,
				E08CAC3125B959FD00B37165 /* Article.swift in Sources */,
				E0438F2525C118D2001662EC /* MakeContentsView.swift in Sources */,
				E08CAC3025B959FD00B37165 /* User.swift in Sources */,
				E0A79F7B25BE64F3000A4A06 /* ArticleView.swift in Sources */,
				E08CAC1E25B9555600B37165 /* GoogleDelegate.swift in Sources */,
				E08343D825B951E7009F3DF3 /* SceneDelegate.swift in Sources */,
				E08CAC1B25B9554F00B37165 /* FacebookDelegate.swift in Sources */,
				E07087CA25D231AB0055B1D1 /* ArticleViewModel.swift in Sources */,
				E08CAC3925B95A1200B37165 /* MainScreenView.swift in Sources */,
				E06F3AE925CCF69700968B4C /* ImagePicker.swift in Sources */,
				A3AF896D25BA9C2500BA3A92 /* PreferenceView.swift in Sources */,
			);
			runOnlyForDeploymentPostprocessing = 0;
		};
/* End PBXSourcesBuildPhase section */

/* Begin PBXVariantGroup section */
		E08343E025B951E7009F3DF3 /* LaunchScreen.storyboard */ = {
			isa = PBXVariantGroup;
			children = (
				E08343E125B951E7009F3DF3 /* Base */,
			);
			name = LaunchScreen.storyboard;
			sourceTree = "<group>";
		};
/* End PBXVariantGroup section */

/* Begin XCBuildConfiguration section */
		E08343E425B951E7009F3DF3 /* Debug */ = {
			isa = XCBuildConfiguration;
			buildSettings = {
				ALWAYS_SEARCH_USER_PATHS = NO;
				CLANG_ANALYZER_NONNULL = YES;
				CLANG_ANALYZER_NUMBER_OBJECT_CONVERSION = YES_AGGRESSIVE;
				CLANG_CXX_LANGUAGE_STANDARD = "gnu++14";
				CLANG_CXX_LIBRARY = "libc++";
				CLANG_ENABLE_MODULES = YES;
				CLANG_ENABLE_OBJC_ARC = YES;
				CLANG_ENABLE_OBJC_WEAK = YES;
				CLANG_WARN_BLOCK_CAPTURE_AUTORELEASING = YES;
				CLANG_WARN_BOOL_CONVERSION = YES;
				CLANG_WARN_COMMA = YES;
				CLANG_WARN_CONSTANT_CONVERSION = YES;
				CLANG_WARN_DEPRECATED_OBJC_IMPLEMENTATIONS = YES;
				CLANG_WARN_DIRECT_OBJC_ISA_USAGE = YES_ERROR;
				CLANG_WARN_DOCUMENTATION_COMMENTS = YES;
				CLANG_WARN_EMPTY_BODY = YES;
				CLANG_WARN_ENUM_CONVERSION = YES;
				CLANG_WARN_INFINITE_RECURSION = YES;
				CLANG_WARN_INT_CONVERSION = YES;
				CLANG_WARN_NON_LITERAL_NULL_CONVERSION = YES;
				CLANG_WARN_OBJC_IMPLICIT_RETAIN_SELF = YES;
				CLANG_WARN_OBJC_LITERAL_CONVERSION = YES;
				CLANG_WARN_OBJC_ROOT_CLASS = YES_ERROR;
				CLANG_WARN_QUOTED_INCLUDE_IN_FRAMEWORK_HEADER = YES;
				CLANG_WARN_RANGE_LOOP_ANALYSIS = YES;
				CLANG_WARN_STRICT_PROTOTYPES = YES;
				CLANG_WARN_SUSPICIOUS_MOVE = YES;
				CLANG_WARN_UNGUARDED_AVAILABILITY = YES_AGGRESSIVE;
				CLANG_WARN_UNREACHABLE_CODE = YES;
				CLANG_WARN__DUPLICATE_METHOD_MATCH = YES;
				COPY_PHASE_STRIP = NO;
				DEBUG_INFORMATION_FORMAT = dwarf;
				ENABLE_STRICT_OBJC_MSGSEND = YES;
				ENABLE_TESTABILITY = YES;
				GCC_C_LANGUAGE_STANDARD = gnu11;
				GCC_DYNAMIC_NO_PIC = NO;
				GCC_NO_COMMON_BLOCKS = YES;
				GCC_OPTIMIZATION_LEVEL = 0;
				GCC_PREPROCESSOR_DEFINITIONS = (
					"DEBUG=1",
					"$(inherited)",
				);
				GCC_WARN_64_TO_32_BIT_CONVERSION = YES;
				GCC_WARN_ABOUT_RETURN_TYPE = YES_ERROR;
				GCC_WARN_UNDECLARED_SELECTOR = YES;
				GCC_WARN_UNINITIALIZED_AUTOS = YES_AGGRESSIVE;
				GCC_WARN_UNUSED_FUNCTION = YES;
				GCC_WARN_UNUSED_VARIABLE = YES;
				IPHONEOS_DEPLOYMENT_TARGET = 14.3;
				MTL_ENABLE_DEBUG_INFO = INCLUDE_SOURCE;
				MTL_FAST_MATH = YES;
				ONLY_ACTIVE_ARCH = YES;
				SDKROOT = iphoneos;
				SWIFT_ACTIVE_COMPILATION_CONDITIONS = DEBUG;
				SWIFT_OPTIMIZATION_LEVEL = "-Onone";
			};
			name = Debug;
		};
		E08343E525B951E7009F3DF3 /* Release */ = {
			isa = XCBuildConfiguration;
			buildSettings = {
				ALWAYS_SEARCH_USER_PATHS = NO;
				CLANG_ANALYZER_NONNULL = YES;
				CLANG_ANALYZER_NUMBER_OBJECT_CONVERSION = YES_AGGRESSIVE;
				CLANG_CXX_LANGUAGE_STANDARD = "gnu++14";
				CLANG_CXX_LIBRARY = "libc++";
				CLANG_ENABLE_MODULES = YES;
				CLANG_ENABLE_OBJC_ARC = YES;
				CLANG_ENABLE_OBJC_WEAK = YES;
				CLANG_WARN_BLOCK_CAPTURE_AUTORELEASING = YES;
				CLANG_WARN_BOOL_CONVERSION = YES;
				CLANG_WARN_COMMA = YES;
				CLANG_WARN_CONSTANT_CONVERSION = YES;
				CLANG_WARN_DEPRECATED_OBJC_IMPLEMENTATIONS = YES;
				CLANG_WARN_DIRECT_OBJC_ISA_USAGE = YES_ERROR;
				CLANG_WARN_DOCUMENTATION_COMMENTS = YES;
				CLANG_WARN_EMPTY_BODY = YES;
				CLANG_WARN_ENUM_CONVERSION = YES;
				CLANG_WARN_INFINITE_RECURSION = YES;
				CLANG_WARN_INT_CONVERSION = YES;
				CLANG_WARN_NON_LITERAL_NULL_CONVERSION = YES;
				CLANG_WARN_OBJC_IMPLICIT_RETAIN_SELF = YES;
				CLANG_WARN_OBJC_LITERAL_CONVERSION = YES;
				CLANG_WARN_OBJC_ROOT_CLASS = YES_ERROR;
				CLANG_WARN_QUOTED_INCLUDE_IN_FRAMEWORK_HEADER = YES;
				CLANG_WARN_RANGE_LOOP_ANALYSIS = YES;
				CLANG_WARN_STRICT_PROTOTYPES = YES;
				CLANG_WARN_SUSPICIOUS_MOVE = YES;
				CLANG_WARN_UNGUARDED_AVAILABILITY = YES_AGGRESSIVE;
				CLANG_WARN_UNREACHABLE_CODE = YES;
				CLANG_WARN__DUPLICATE_METHOD_MATCH = YES;
				COPY_PHASE_STRIP = NO;
				DEBUG_INFORMATION_FORMAT = "dwarf-with-dsym";
				ENABLE_NS_ASSERTIONS = NO;
				ENABLE_STRICT_OBJC_MSGSEND = YES;
				GCC_C_LANGUAGE_STANDARD = gnu11;
				GCC_NO_COMMON_BLOCKS = YES;
				GCC_WARN_64_TO_32_BIT_CONVERSION = YES;
				GCC_WARN_ABOUT_RETURN_TYPE = YES_ERROR;
				GCC_WARN_UNDECLARED_SELECTOR = YES;
				GCC_WARN_UNINITIALIZED_AUTOS = YES_AGGRESSIVE;
				GCC_WARN_UNUSED_FUNCTION = YES;
				GCC_WARN_UNUSED_VARIABLE = YES;
				IPHONEOS_DEPLOYMENT_TARGET = 14.3;
				MTL_ENABLE_DEBUG_INFO = NO;
				MTL_FAST_MATH = YES;
				SDKROOT = iphoneos;
				SWIFT_COMPILATION_MODE = wholemodule;
				SWIFT_OPTIMIZATION_LEVEL = "-O";
				VALIDATE_PRODUCT = YES;
			};
			name = Release;
		};
		E08343E725B951E7009F3DF3 /* Debug */ = {
			isa = XCBuildConfiguration;
			baseConfigurationReference = CD8C4BCDA11DAD01CECFC832 /* Pods-FOCUSLY.debug.xcconfig */;
			buildSettings = {
				ASSETCATALOG_COMPILER_APPICON_NAME = AppIcon;
				ASSETCATALOG_COMPILER_GLOBAL_ACCENT_COLOR_NAME = AccentColor;
				CODE_SIGN_STYLE = Automatic;
				DEVELOPMENT_ASSET_PATHS = "\"FOCUSLY/Preview Content\"";
				DEVELOPMENT_TEAM = 6U9D6MFS2N;
				ENABLE_PREVIEWS = YES;
				INFOPLIST_FILE = FOCUSLY/Info.plist;
				LD_RUNPATH_SEARCH_PATHS = (
					"$(inherited)",
					"@executable_path/Frameworks",
				);
				PRODUCT_BUNDLE_IDENTIFIER = com.IOS.FOCUSLY;
				PRODUCT_NAME = "$(TARGET_NAME)";
				SWIFT_VERSION = 5.0;
				TARGETED_DEVICE_FAMILY = "1,2";
			};
			name = Debug;
		};
		E08343E825B951E7009F3DF3 /* Release */ = {
			isa = XCBuildConfiguration;
			baseConfigurationReference = 939C68ACBA6860BBD66B1835 /* Pods-FOCUSLY.release.xcconfig */;
			buildSettings = {
				ASSETCATALOG_COMPILER_APPICON_NAME = AppIcon;
				ASSETCATALOG_COMPILER_GLOBAL_ACCENT_COLOR_NAME = AccentColor;
				CODE_SIGN_STYLE = Automatic;
				DEVELOPMENT_ASSET_PATHS = "\"FOCUSLY/Preview Content\"";
				DEVELOPMENT_TEAM = 6U9D6MFS2N;
				ENABLE_PREVIEWS = YES;
				INFOPLIST_FILE = FOCUSLY/Info.plist;
				LD_RUNPATH_SEARCH_PATHS = (
					"$(inherited)",
					"@executable_path/Frameworks",
				);
				PRODUCT_BUNDLE_IDENTIFIER = com.IOS.FOCUSLY;
				PRODUCT_NAME = "$(TARGET_NAME)";
				SWIFT_VERSION = 5.0;
				TARGETED_DEVICE_FAMILY = "1,2";
			};
			name = Release;
		};
/* End XCBuildConfiguration section */

/* Begin XCConfigurationList section */
		E08343CD25B951E7009F3DF3 /* Build configuration list for PBXProject "FOCUSLY" */ = {
			isa = XCConfigurationList;
			buildConfigurations = (
				E08343E425B951E7009F3DF3 /* Debug */,
				E08343E525B951E7009F3DF3 /* Release */,
			);
			defaultConfigurationIsVisible = 0;
			defaultConfigurationName = Release;
		};
		E08343E625B951E7009F3DF3 /* Build configuration list for PBXNativeTarget "FOCUSLY" */ = {
			isa = XCConfigurationList;
			buildConfigurations = (
				E08343E725B951E7009F3DF3 /* Debug */,
				E08343E825B951E7009F3DF3 /* Release */,
			);
			defaultConfigurationIsVisible = 0;
			defaultConfigurationName = Release;
		};
/* End XCConfigurationList section */

/* Begin XCRemoteSwiftPackageReference section */
		E08CAC1325B9548D00B37165 /* XCRemoteSwiftPackageReference "facebook-ios-sdk" */ = {
			isa = XCRemoteSwiftPackageReference;
			repositoryURL = "https://github.com/facebook/facebook-ios-sdk";
			requirement = {
				kind = upToNextMajorVersion;
				minimumVersion = 9.0.0;
			};
		};
/* End XCRemoteSwiftPackageReference section */

/* Begin XCSwiftPackageProductDependency section */
		E08CAC1425B9548D00B37165 /* FacebookLogin */ = {
			isa = XCSwiftPackageProductDependency;
			package = E08CAC1325B9548D00B37165 /* XCRemoteSwiftPackageReference "facebook-ios-sdk" */;
			productName = FacebookLogin;
		};
/* End XCSwiftPackageProductDependency section */
	};
	rootObject = E08343CA25B951E7009F3DF3 /* Project object */;
}
