{
  "object": {
    "pins": [
      {
        "package": "Facebook",
        "repositoryURL": "https://github.com/facebook/facebook-ios-sdk",
        "state": {
          "branch": null,
          "revision": "ad850211b5b9aaec2355d18b4ecb6c0f481448e2",
          "version": "9.0.1"
        }
      }
    ]
  },
  "version": 1
}
